// !$*UTF8*$!
{
	archiveVersion = 1;
	classes = {
	};
	objectVersion = 48;
	objects = {

/* Begin PBXBuildFile section */
		039D1B753BC5B8B70A61F692 /* Pods_GoEvent.framework in Frameworks */ = {isa = PBXBuildFile; fileRef = 8679DAC1567B09D9DB4E9708 /* Pods_GoEvent.framework */; };
		2D623D65208E337E00B1F7D5 /* arrow.png in Resources */ = {isa = PBXBuildFile; fileRef = 2D623D64208E337E00B1F7D5 /* arrow.png */; };
		2D623D69208E378400B1F7D5 /* weddingPlanned.swift in Sources */ = {isa = PBXBuildFile; fileRef = 2D623D68208E378400B1F7D5 /* weddingPlanned.swift */; };
		2D623D6D208E37D800B1F7D5 /* savedEvents.swift in Sources */ = {isa = PBXBuildFile; fileRef = 2D623D6C208E37D800B1F7D5 /* savedEvents.swift */; };
		2D623D71208E3D5700B1F7D5 /* currentEvent.swift in Sources */ = {isa = PBXBuildFile; fileRef = 2D623D70208E3D5700B1F7D5 /* currentEvent.swift */; };
		2D623D7B208E691300B1F7D5 /* loadingTabBarController.swift in Sources */ = {isa = PBXBuildFile; fileRef = 2D623D7A208E691300B1F7D5 /* loadingTabBarController.swift */; };
		2D76331420755074003C8C1D /* user.swift in Sources */ = {isa = PBXBuildFile; fileRef = 2D76331320755074003C8C1D /* user.swift */; };
		2D763318207567D2003C8C1D /* event.swift in Sources */ = {isa = PBXBuildFile; fileRef = 2D763317207567D2003C8C1D /* event.swift */; };
		2DACE0F6206C04DE003354AF /* AppDelegate.swift in Sources */ = {isa = PBXBuildFile; fileRef = 2DACE0F5206C04DE003354AF /* AppDelegate.swift */; };
		2DACE0FB206C04DE003354AF /* Main.storyboard in Resources */ = {isa = PBXBuildFile; fileRef = 2DACE0F9206C04DE003354AF /* Main.storyboard */; };
		2DACE0FD206C04DE003354AF /* Assets.xcassets in Resources */ = {isa = PBXBuildFile; fileRef = 2DACE0FC206C04DE003354AF /* Assets.xcassets */; };
		2DACE100206C04DE003354AF /* LaunchScreen.storyboard in Resources */ = {isa = PBXBuildFile; fileRef = 2DACE0FE206C04DE003354AF /* LaunchScreen.storyboard */; };
		2DACE10A206C0B9B003354AF /* RegisterViewController.swift in Sources */ = {isa = PBXBuildFile; fileRef = 2DACE109206C0B9B003354AF /* RegisterViewController.swift */; };
		2DACE10C206C0CE8003354AF /* Logo.jpg in Resources */ = {isa = PBXBuildFile; fileRef = 2DACE10B206C0CE7003354AF /* Logo.jpg */; };
		2DACE10E206C0E66003354AF /* CreateEventViewController.swift in Sources */ = {isa = PBXBuildFile; fileRef = 2DACE10D206C0E66003354AF /* CreateEventViewController.swift */; };
		2DE23D47206C372A00101E1B /* startWeddingViewController.swift in Sources */ = {isa = PBXBuildFile; fileRef = 2DE23D46206C372A00101E1B /* startWeddingViewController.swift */; };
		2DE23D49206C376800101E1B /* startGeneralPartyViewController.swift in Sources */ = {isa = PBXBuildFile; fileRef = 2DE23D48206C376800101E1B /* startGeneralPartyViewController.swift */; };
		9200CDF52087DEFC0003D0CE /* arrow.jpeg in Resources */ = {isa = PBXBuildFile; fileRef = 9200CDF42087DEFC0003D0CE /* arrow.jpeg */; };
		9200CDF8208D33650003D0CE /* BaseAnnotation.swift in Sources */ = {isa = PBXBuildFile; fileRef = 9200CDF7208D33650003D0CE /* BaseAnnotation.swift */; };
		9200CE05208D354A0003D0CE /* SearchVendorsViewController.swift in Sources */ = {isa = PBXBuildFile; fileRef = 9200CE04208D354A0003D0CE /* SearchVendorsViewController.swift */; };
		9200CE07208D37A20003D0CE /* ShowDetailsViewController.swift in Sources */ = {isa = PBXBuildFile; fileRef = 9200CE06208D37A20003D0CE /* ShowDetailsViewController.swift */; };
		922CA1EB208D697B00BAEBFA /* json_files in Resources */ = {isa = PBXBuildFile; fileRef = 922CA1EA208D697B00BAEBFA /* json_files */; };
		922CA1ED208D967600BAEBFA /* Vendor.swift in Sources */ = {isa = PBXBuildFile; fileRef = 922CA1EC208D967600BAEBFA /* Vendor.swift */; };
/* End PBXBuildFile section */

/* Begin PBXFileReference section */
		2D623D64208E337E00B1F7D5 /* arrow.png */ = {isa = PBXFileReference; lastKnownFileType = image.png; name = arrow.png; path = ../../arrow.png; sourceTree = "<group>"; };
		2D623D68208E378400B1F7D5 /* weddingPlanned.swift */ = {isa = PBXFileReference; lastKnownFileType = sourcecode.swift; path = weddingPlanned.swift; sourceTree = "<group>"; };
		2D623D6C208E37D800B1F7D5 /* savedEvents.swift */ = {isa = PBXFileReference; lastKnownFileType = sourcecode.swift; path = savedEvents.swift; sourceTree = "<group>"; };
		2D623D70208E3D5700B1F7D5 /* currentEvent.swift */ = {isa = PBXFileReference; lastKnownFileType = sourcecode.swift; path = currentEvent.swift; sourceTree = "<group>"; };
		2D623D7A208E691300B1F7D5 /* loadingTabBarController.swift */ = {isa = PBXFileReference; lastKnownFileType = sourcecode.swift; path = loadingTabBarController.swift; sourceTree = "<group>"; };
		2D76331320755074003C8C1D /* user.swift */ = {isa = PBXFileReference; lastKnownFileType = sourcecode.swift; path = user.swift; sourceTree = "<group>"; };
		2D763317207567D2003C8C1D /* event.swift */ = {isa = PBXFileReference; fileEncoding = 4; lastKnownFileType = sourcecode.swift; path = event.swift; sourceTree = SOURCE_ROOT; };
		2DACE0F2206C04DE003354AF /* GoEvent.app */ = {isa = PBXFileReference; explicitFileType = wrapper.application; includeInIndex = 0; path = GoEvent.app; sourceTree = BUILT_PRODUCTS_DIR; };
		2DACE0F5206C04DE003354AF /* AppDelegate.swift */ = {isa = PBXFileReference; lastKnownFileType = sourcecode.swift; path = AppDelegate.swift; sourceTree = "<group>"; };
		2DACE0FA206C04DE003354AF /* Base */ = {isa = PBXFileReference; lastKnownFileType = file.storyboard; name = Base; path = Base.lproj/Main.storyboard; sourceTree = "<group>"; };
		2DACE0FC206C04DE003354AF /* Assets.xcassets */ = {isa = PBXFileReference; lastKnownFileType = folder.assetcatalog; path = Assets.xcassets; sourceTree = "<group>"; };
		2DACE0FF206C04DE003354AF /* Base */ = {isa = PBXFileReference; lastKnownFileType = file.storyboard; name = Base; path = Base.lproj/LaunchScreen.storyboard; sourceTree = "<group>"; };
		2DACE101206C04DE003354AF /* Info.plist */ = {isa = PBXFileReference; lastKnownFileType = text.plist.xml; path = Info.plist; sourceTree = "<group>"; };
		2DACE109206C0B9B003354AF /* RegisterViewController.swift */ = {isa = PBXFileReference; lastKnownFileType = sourcecode.swift; path = RegisterViewController.swift; sourceTree = "<group>"; };
		2DACE10B206C0CE7003354AF /* Logo.jpg */ = {isa = PBXFileReference; lastKnownFileType = image.jpeg; name = Logo.jpg; path = Assets.xcassets/Logo.jpg; sourceTree = "<group>"; };
		2DACE10D206C0E66003354AF /* CreateEventViewController.swift */ = {isa = PBXFileReference; lastKnownFileType = sourcecode.swift; path = CreateEventViewController.swift; sourceTree = "<group>"; };
		2DE23D46206C372A00101E1B /* startWeddingViewController.swift */ = {isa = PBXFileReference; lastKnownFileType = sourcecode.swift; path = startWeddingViewController.swift; sourceTree = "<group>"; };
		2DE23D48206C376800101E1B /* startGeneralPartyViewController.swift */ = {isa = PBXFileReference; lastKnownFileType = sourcecode.swift; path = startGeneralPartyViewController.swift; sourceTree = "<group>"; };
		8679DAC1567B09D9DB4E9708 /* Pods_GoEvent.framework */ = {isa = PBXFileReference; explicitFileType = wrapper.framework; includeInIndex = 0; path = Pods_GoEvent.framework; sourceTree = BUILT_PRODUCTS_DIR; };
		9200CDF42087DEFC0003D0CE /* arrow.jpeg */ = {isa = PBXFileReference; lastKnownFileType = image.jpeg; path = arrow.jpeg; sourceTree = "<group>"; };
		9200CDF7208D33650003D0CE /* BaseAnnotation.swift */ = {isa = PBXFileReference; lastKnownFileType = sourcecode.swift; path = BaseAnnotation.swift; sourceTree = "<group>"; };
		9200CE04208D354A0003D0CE /* SearchVendorsViewController.swift */ = {isa = PBXFileReference; lastKnownFileType = sourcecode.swift; path = SearchVendorsViewController.swift; sourceTree = "<group>"; };
		9200CE06208D37A20003D0CE /* ShowDetailsViewController.swift */ = {isa = PBXFileReference; lastKnownFileType = sourcecode.swift; path = ShowDetailsViewController.swift; sourceTree = "<group>"; };
		922CA1EA208D697B00BAEBFA /* json_files */ = {isa = PBXFileReference; lastKnownFileType = folder; path = json_files; sourceTree = "<group>"; };
		922CA1EC208D967600BAEBFA /* Vendor.swift */ = {isa = PBXFileReference; lastKnownFileType = sourcecode.swift; path = Vendor.swift; sourceTree = "<group>"; };
		9CED0288315585B28D2450CE /* Pods-GoEvent.release.xcconfig */ = {isa = PBXFileReference; includeInIndex = 1; lastKnownFileType = text.xcconfig; name = "Pods-GoEvent.release.xcconfig"; path = "Pods/Target Support Files/Pods-GoEvent/Pods-GoEvent.release.xcconfig"; sourceTree = "<group>"; };
		A5DBEE9D185B4B34A3E3C4A2 /* Pods-GoEvent.debug.xcconfig */ = {isa = PBXFileReference; includeInIndex = 1; lastKnownFileType = text.xcconfig; name = "Pods-GoEvent.debug.xcconfig"; path = "Pods/Target Support Files/Pods-GoEvent/Pods-GoEvent.debug.xcconfig"; sourceTree = "<group>"; };
/* End PBXFileReference section */

/* Begin PBXFrameworksBuildPhase section */
		2DACE0EF206C04DE003354AF /* Frameworks */ = {
			isa = PBXFrameworksBuildPhase;
			buildActionMask = 2147483647;
			files = (
				039D1B753BC5B8B70A61F692 /* Pods_GoEvent.framework in Frameworks */,
			);
			runOnlyForDeploymentPostprocessing = 0;
		};
/* End PBXFrameworksBuildPhase section */

/* Begin PBXGroup section */
		205E0E8186E1AA03873502A3 /* Frameworks */ = {
			isa = PBXGroup;
			children = (
				8679DAC1567B09D9DB4E9708 /* Pods_GoEvent.framework */,
			);
			name = Frameworks;
			sourceTree = "<group>";
		};
		2DACE0E9206C04DE003354AF = {
			isa = PBXGroup;
			children = (
				2DACE0F4206C04DE003354AF /* GoEvent */,
				2DACE0F3206C04DE003354AF /* Products */,
				96E755E82EC91AE1F8FFBC30 /* Pods */,
				205E0E8186E1AA03873502A3 /* Frameworks */,
			);
			sourceTree = "<group>";
		};
		2DACE0F3206C04DE003354AF /* Products */ = {
			isa = PBXGroup;
			children = (
				2DACE0F2206C04DE003354AF /* GoEvent.app */,
			);
			name = Products;
			sourceTree = "<group>";
		};
		2DACE0F4206C04DE003354AF /* GoEvent */ = {
			isa = PBXGroup;
			children = (
				922CA1EA208D697B00BAEBFA /* json_files */,
				9200CDF6208D33330003D0CE /* Annotation */,
				2D763317207567D2003C8C1D /* event.swift */,
				2D623D70208E3D5700B1F7D5 /* currentEvent.swift */,
				2D623D6C208E37D800B1F7D5 /* savedEvents.swift */,
				922CA1EC208D967600BAEBFA /* Vendor.swift */,
				2DACE0F5206C04DE003354AF /* AppDelegate.swift */,
				2DE23D46206C372A00101E1B /* startWeddingViewController.swift */,
				2DE23D48206C376800101E1B /* startGeneralPartyViewController.swift */,
				2DACE109206C0B9B003354AF /* RegisterViewController.swift */,
				2D76331320755074003C8C1D /* user.swift */,
				2DACE10D206C0E66003354AF /* CreateEventViewController.swift */,
				9200CE04208D354A0003D0CE /* SearchVendorsViewController.swift */,
				9200CE06208D37A20003D0CE /* ShowDetailsViewController.swift */,
				2D623D68208E378400B1F7D5 /* weddingPlanned.swift */,
				2DACE0F9206C04DE003354AF /* Main.storyboard */,
				2DACE0FE206C04DE003354AF /* LaunchScreen.storyboard */,
				2DACE0FC206C04DE003354AF /* Assets.xcassets */,
				9200CDF42087DEFC0003D0CE /* arrow.jpeg */,
				2D623D64208E337E00B1F7D5 /* arrow.png */,
				2DACE10B206C0CE7003354AF /* Logo.jpg */,
				2DACE101206C04DE003354AF /* Info.plist */,
				2D623D7A208E691300B1F7D5 /* loadingTabBarController.swift */,
			);
			path = GoEvent;
			sourceTree = "<group>";
		};
		9200CDF6208D33330003D0CE /* Annotation */ = {
			isa = PBXGroup;
			children = (
				9200CDF7208D33650003D0CE /* BaseAnnotation.swift */,
			);
			path = Annotation;
			sourceTree = "<group>";
		};
		96E755E82EC91AE1F8FFBC30 /* Pods */ = {
			isa = PBXGroup;
			children = (
				A5DBEE9D185B4B34A3E3C4A2 /* Pods-GoEvent.debug.xcconfig */,
				9CED0288315585B28D2450CE /* Pods-GoEvent.release.xcconfig */,
			);
			name = Pods;
			sourceTree = "<group>";
		};
/* End PBXGroup section */

/* Begin PBXNativeTarget section */
		2DACE0F1206C04DE003354AF /* GoEvent */ = {
			isa = PBXNativeTarget;
			buildConfigurationList = 2DACE104206C04DE003354AF /* Build configuration list for PBXNativeTarget "GoEvent" */;
			buildPhases = (
				2872EC54035CFE3C503C5B19 /* [CP] Check Pods Manifest.lock */,
				2DACE0EE206C04DE003354AF /* Sources */,
				2DACE0EF206C04DE003354AF /* Frameworks */,
				2DACE0F0206C04DE003354AF /* Resources */,
				57E660159CF4BBE86878D356 /* [CP] Embed Pods Frameworks */,
				54EEF60C6662C7F15342015A /* [CP] Copy Pods Resources */,
			);
			buildRules = (
			);
			dependencies = (
			);
			name = GoEvent;
			productName = GoEvent;
			productReference = 2DACE0F2206C04DE003354AF /* GoEvent.app */;
			productType = "com.apple.product-type.application";
		};
/* End PBXNativeTarget section */

/* Begin PBXProject section */
		2DACE0EA206C04DE003354AF /* Project object */ = {
			isa = PBXProject;
			attributes = {
				LastSwiftUpdateCheck = 0920;
				LastUpgradeCheck = 0930;
				ORGANIZATIONNAME = Logan;
				TargetAttributes = {
					2DACE0F1206C04DE003354AF = {
						CreatedOnToolsVersion = 9.2;
						ProvisioningStyle = Automatic;
					};
				};
			};
			buildConfigurationList = 2DACE0ED206C04DE003354AF /* Build configuration list for PBXProject "GoEvent" */;
			compatibilityVersion = "Xcode 8.0";
			developmentRegion = en;
			hasScannedForEncodings = 0;
			knownRegions = (
				en,
				Base,
			);
			mainGroup = 2DACE0E9206C04DE003354AF;
			productRefGroup = 2DACE0F3206C04DE003354AF /* Products */;
			projectDirPath = "";
			projectRoot = "";
			targets = (
				2DACE0F1206C04DE003354AF /* GoEvent */,
			);
		};
/* End PBXProject section */

/* Begin PBXResourcesBuildPhase section */
		2DACE0F0206C04DE003354AF /* Resources */ = {
			isa = PBXResourcesBuildPhase;
			buildActionMask = 2147483647;
			files = (
				922CA1EB208D697B00BAEBFA /* json_files in Resources */,
				2DACE10C206C0CE8003354AF /* Logo.jpg in Resources */,
				9200CDF52087DEFC0003D0CE /* arrow.jpeg in Resources */,
				2DACE100206C04DE003354AF /* LaunchScreen.storyboard in Resources */,
				2DACE0FD206C04DE003354AF /* Assets.xcassets in Resources */,
				2D623D65208E337E00B1F7D5 /* arrow.png in Resources */,
				2DACE0FB206C04DE003354AF /* Main.storyboard in Resources */,
			);
			runOnlyForDeploymentPostprocessing = 0;
		};
/* End PBXResourcesBuildPhase section */

/* Begin PBXShellScriptBuildPhase section */
		2872EC54035CFE3C503C5B19 /* [CP] Check Pods Manifest.lock */ = {
			isa = PBXShellScriptBuildPhase;
			buildActionMask = 2147483647;
			files = (
			);
			inputPaths = (
				"${PODS_PODFILE_DIR_PATH}/Podfile.lock",
				"${PODS_ROOT}/Manifest.lock",
			);
			name = "[CP] Check Pods Manifest.lock";
			outputPaths = (
				"$(DERIVED_FILE_DIR)/Pods-GoEvent-checkManifestLockResult.txt",
			);
			runOnlyForDeploymentPostprocessing = 0;
			shellPath = /bin/sh;
			shellScript = "diff \"${PODS_PODFILE_DIR_PATH}/Podfile.lock\" \"${PODS_ROOT}/Manifest.lock\" > /dev/null\nif [ $? != 0 ] ; then\n    # print error to STDERR\n    echo \"error: The sandbox is not in sync with the Podfile.lock. Run 'pod install' or update your CocoaPods installation.\" >&2\n    exit 1\nfi\n# This output is used by Xcode 'outputs' to avoid re-running this script phase.\necho \"SUCCESS\" > \"${SCRIPT_OUTPUT_FILE_0}\"\n";
			showEnvVarsInLog = 0;
		};
		54EEF60C6662C7F15342015A /* [CP] Copy Pods Resources */ = {
			isa = PBXShellScriptBuildPhase;
			buildActionMask = 2147483647;
			files = (
			);
			inputPaths = (
			);
			name = "[CP] Copy Pods Resources";
			outputPaths = (
			);
			runOnlyForDeploymentPostprocessing = 0;
			shellPath = /bin/sh;
			shellScript = "\"${SRCROOT}/Pods/Target Support Files/Pods-GoEvent/Pods-GoEvent-resources.sh\"\n";
			showEnvVarsInLog = 0;
		};
		57E660159CF4BBE86878D356 /* [CP] Embed Pods Frameworks */ = {
			isa = PBXShellScriptBuildPhase;
			buildActionMask = 2147483647;
			files = (
			);
			inputPaths = (
				"${SRCROOT}/Pods/Target Support Files/Pods-GoEvent/Pods-GoEvent-frameworks.sh",
				"${BUILT_PRODUCTS_DIR}/Realm/Realm.framework",
				"${BUILT_PRODUCTS_DIR}/RealmSwift/RealmSwift.framework",
			);
			name = "[CP] Embed Pods Frameworks";
			outputPaths = (
				"${TARGET_BUILD_DIR}/${FRAMEWORKS_FOLDER_PATH}/Realm.framework",
				"${TARGET_BUILD_DIR}/${FRAMEWORKS_FOLDER_PATH}/RealmSwift.framework",
			);
			runOnlyForDeploymentPostprocessing = 0;
			shellPath = /bin/sh;
			shellScript = "\"${SRCROOT}/Pods/Target Support Files/Pods-GoEvent/Pods-GoEvent-frameworks.sh\"\n";
			showEnvVarsInLog = 0;
		};
/* End PBXShellScriptBuildPhase section */

/* Begin PBXSourcesBuildPhase section */
		2DACE0EE206C04DE003354AF /* Sources */ = {
			isa = PBXSourcesBuildPhase;
			buildActionMask = 2147483647;
			files = (
				2D623D6D208E37D800B1F7D5 /* savedEvents.swift in Sources */,
				2D623D69208E378400B1F7D5 /* weddingPlanned.swift in Sources */,
				9200CE05208D354A0003D0CE /* SearchVendorsViewController.swift in Sources */,
				2DE23D49206C376800101E1B /* startGeneralPartyViewController.swift in Sources */,
				2D623D71208E3D5700B1F7D5 /* currentEvent.swift in Sources */,
				2DE23D47206C372A00101E1B /* startWeddingViewController.swift in Sources */,
				2D76331420755074003C8C1D /* user.swift in Sources */,
				2D763318207567D2003C8C1D /* event.swift in Sources */,
				2DACE0F6206C04DE003354AF /* AppDelegate.swift in Sources */,
				9200CE07208D37A20003D0CE /* ShowDetailsViewController.swift in Sources */,
				922CA1ED208D967600BAEBFA /* Vendor.swift in Sources */,
				9200CDF8208D33650003D0CE /* BaseAnnotation.swift in Sources */,
				2DACE10A206C0B9B003354AF /* RegisterViewController.swift in Sources */,
				2D623D7B208E691300B1F7D5 /* loadingTabBarController.swift in Sources */,
				2DACE10E206C0E66003354AF /* CreateEventViewController.swift in Sources */,
			);
			runOnlyForDeploymentPostprocessing = 0;
		};
/* End PBXSourcesBuildPhase section */

/* Begin PBXVariantGroup section */
		2DACE0F9206C04DE003354AF /* Main.storyboard */ = {
			isa = PBXVariantGroup;
			children = (
				2DACE0FA206C04DE003354AF /* Base */,
			);
			name = Main.storyboard;
			sourceTree = "<group>";
		};
		2DACE0FE206C04DE003354AF /* LaunchScreen.storyboard */ = {
			isa = PBXVariantGroup;
			children = (
				2DACE0FF206C04DE003354AF /* Base */,
			);
			name = LaunchScreen.storyboard;
			sourceTree = "<group>";
		};
/* End PBXVariantGroup section */

/* Begin XCBuildConfiguration section */
		2DACE102206C04DE003354AF /* Debug */ = {
			isa = XCBuildConfiguration;
			buildSettings = {
				ALWAYS_SEARCH_USER_PATHS = NO;
				CLANG_ANALYZER_NONNULL = YES;
				CLANG_ANALYZER_NUMBER_OBJECT_CONVERSION = YES_AGGRESSIVE;
				CLANG_CXX_LANGUAGE_STANDARD = "gnu++14";
				CLANG_CXX_LIBRARY = "libc++";
				CLANG_ENABLE_MODULES = YES;
				CLANG_ENABLE_OBJC_ARC = YES;
				CLANG_WARN_BLOCK_CAPTURE_AUTORELEASING = YES;
				CLANG_WARN_BOOL_CONVERSION = YES;
				CLANG_WARN_COMMA = YES;
				CLANG_WARN_CONSTANT_CONVERSION = YES;
				CLANG_WARN_DEPRECATED_OBJC_IMPLEMENTATIONS = YES;
				CLANG_WARN_DIRECT_OBJC_ISA_USAGE = YES_ERROR;
				CLANG_WARN_DOCUMENTATION_COMMENTS = YES;
				CLANG_WARN_EMPTY_BODY = YES;
				CLANG_WARN_ENUM_CONVERSION = YES;
				CLANG_WARN_INFINITE_RECURSION = YES;
				CLANG_WARN_INT_CONVERSION = YES;
				CLANG_WARN_NON_LITERAL_NULL_CONVERSION = YES;
				CLANG_WARN_OBJC_IMPLICIT_RETAIN_SELF = YES;
				CLANG_WARN_OBJC_LITERAL_CONVERSION = YES;
				CLANG_WARN_OBJC_ROOT_CLASS = YES_ERROR;
				CLANG_WARN_RANGE_LOOP_ANALYSIS = YES;
				CLANG_WARN_STRICT_PROTOTYPES = YES;
				CLANG_WARN_SUSPICIOUS_MOVE = YES;
				CLANG_WARN_UNGUARDED_AVAILABILITY = YES_AGGRESSIVE;
				CLANG_WARN_UNREACHABLE_CODE = YES;
				CLANG_WARN__DUPLICATE_METHOD_MATCH = YES;
				CODE_SIGN_IDENTITY = "iPhone Developer";
				COPY_PHASE_STRIP = NO;
				DEBUG_INFORMATION_FORMAT = dwarf;
				ENABLE_STRICT_OBJC_MSGSEND = YES;
				ENABLE_TESTABILITY = YES;
				GCC_C_LANGUAGE_STANDARD = gnu11;
				GCC_DYNAMIC_NO_PIC = NO;
				GCC_NO_COMMON_BLOCKS = YES;
				GCC_OPTIMIZATION_LEVEL = 0;
				GCC_PREPROCESSOR_DEFINITIONS = (
					"DEBUG=1",
					"$(inherited)",
				);
				GCC_WARN_64_TO_32_BIT_CONVERSION = YES;
				GCC_WARN_ABOUT_RETURN_TYPE = YES_ERROR;
				GCC_WARN_UNDECLARED_SELECTOR = YES;
				GCC_WARN_UNINITIALIZED_AUTOS = YES_AGGRESSIVE;
				GCC_WARN_UNUSED_FUNCTION = YES;
				GCC_WARN_UNUSED_VARIABLE = YES;
				IPHONEOS_DEPLOYMENT_TARGET = 11.2;
				MTL_ENABLE_DEBUG_INFO = YES;
				ONLY_ACTIVE_ARCH = YES;
				SDKROOT = iphoneos;
				SWIFT_ACTIVE_COMPILATION_CONDITIONS = DEBUG;
				SWIFT_OPTIMIZATION_LEVEL = "-Onone";
			};
			name = Debug;
		};
		2DACE103206C04DE003354AF /* Release */ = {
			isa = XCBuildConfiguration;
			buildSettings = {
				ALWAYS_SEARCH_USER_PATHS = NO;
				CLANG_ANALYZER_NONNULL = YES;
				CLANG_ANALYZER_NUMBER_OBJECT_CONVERSION = YES_AGGRESSIVE;
				CLANG_CXX_LANGUAGE_STANDARD = "gnu++14";
				CLANG_CXX_LIBRARY = "libc++";
				CLANG_ENABLE_MODULES = YES;
				CLANG_ENABLE_OBJC_ARC = YES;
				CLANG_WARN_BLOCK_CAPTURE_AUTORELEASING = YES;
				CLANG_WARN_BOOL_CONVERSION = YES;
				CLANG_WARN_COMMA = YES;
				CLANG_WARN_CONSTANT_CONVERSION = YES;
				CLANG_WARN_DEPRECATED_OBJC_IMPLEMENTATIONS = YES;
				CLANG_WARN_DIRECT_OBJC_ISA_USAGE = YES_ERROR;
				CLANG_WARN_DOCUMENTATION_COMMENTS = YES;
				CLANG_WARN_EMPTY_BODY = YES;
				CLANG_WARN_ENUM_CONVERSION = YES;
				CLANG_WARN_INFINITE_RECURSION = YES;
				CLANG_WARN_INT_CONVERSION = YES;
				CLANG_WARN_NON_LITERAL_NULL_CONVERSION = YES;
				CLANG_WARN_OBJC_IMPLICIT_RETAIN_SELF = YES;
				CLANG_WARN_OBJC_LITERAL_CONVERSION = YES;
				CLANG_WARN_OBJC_ROOT_CLASS = YES_ERROR;
				CLANG_WARN_RANGE_LOOP_ANALYSIS = YES;
				CLANG_WARN_STRICT_PROTOTYPES = YES;
				CLANG_WARN_SUSPICIOUS_MOVE = YES;
				CLANG_WARN_UNGUARDED_AVAILABILITY = YES_AGGRESSIVE;
				CLANG_WARN_UNREACHABLE_CODE = YES;
				CLANG_WARN__DUPLICATE_METHOD_MATCH = YES;
				CODE_SIGN_IDENTITY = "iPhone Developer";
				COPY_PHASE_STRIP = NO;
				DEBUG_INFORMATION_FORMAT = "dwarf-with-dsym";
				ENABLE_NS_ASSERTIONS = NO;
				ENABLE_STRICT_OBJC_MSGSEND = YES;
				GCC_C_LANGUAGE_STANDARD = gnu11;
				GCC_NO_COMMON_BLOCKS = YES;
				GCC_WARN_64_TO_32_BIT_CONVERSION = YES;
				GCC_WARN_ABOUT_RETURN_TYPE = YES_ERROR;
				GCC_WARN_UNDECLARED_SELECTOR = YES;
				GCC_WARN_UNINITIALIZED_AUTOS = YES_AGGRESSIVE;
				GCC_WARN_UNUSED_FUNCTION = YES;
				GCC_WARN_UNUSED_VARIABLE = YES;
				IPHONEOS_DEPLOYMENT_TARGET = 11.2;
				MTL_ENABLE_DEBUG_INFO = NO;
				SDKROOT = iphoneos;
				SWIFT_OPTIMIZATION_LEVEL = "-Owholemodule";
				VALIDATE_PRODUCT = YES;
			};
			name = Release;
		};
		2DACE105206C04DE003354AF /* Debug */ = {
			isa = XCBuildConfiguration;
			baseConfigurationReference = A5DBEE9D185B4B34A3E3C4A2 /* Pods-GoEvent.debug.xcconfig */;
			buildSettings = {
				ASSETCATALOG_COMPILER_APPICON_NAME = AppIcon;
				CODE_SIGN_STYLE = Automatic;
				DEVELOPMENT_TEAM = LS7D39MPA9;
				INFOPLIST_FILE = GoEvent/Info.plist;
				LD_RUNPATH_SEARCH_PATHS = "$(inherited) @executable_path/Frameworks";
				PRODUCT_BUNDLE_IDENTIFIER = Me.GoEvent;
				PRODUCT_NAME = "$(TARGET_NAME)";
				SWIFT_VERSION = 4.0;
				TARGETED_DEVICE_FAMILY = "1,2";
			};
			name = Debug;
		};
		2DACE106206C04DE003354AF /* Release */ = {
			isa = XCBuildConfiguration;
			baseConfigurationReference = 9CED0288315585B28D2450CE /* Pods-GoEvent.release.xcconfig */;
			buildSettings = {
				ASSETCATALOG_COMPILER_APPICON_NAME = AppIcon;
				CODE_SIGN_STYLE = Automatic;
				DEVELOPMENT_TEAM = LS7D39MPA9;
				INFOPLIST_FILE = GoEvent/Info.plist;
				LD_RUNPATH_SEARCH_PATHS = "$(inherited) @executable_path/Frameworks";
				PRODUCT_BUNDLE_IDENTIFIER = Me.GoEvent;
				PRODUCT_NAME = "$(TARGET_NAME)";
				SWIFT_VERSION = 4.0;
				TARGETED_DEVICE_FAMILY = "1,2";
			};
			name = Release;
		};
/* End XCBuildConfiguration section */

/* Begin XCConfigurationList section */
		2DACE0ED206C04DE003354AF /* Build configuration list for PBXProject "GoEvent" */ = {
			isa = XCConfigurationList;
			buildConfigurations = (
				2DACE102206C04DE003354AF /* Debug */,
				2DACE103206C04DE003354AF /* Release */,
			);
			defaultConfigurationIsVisible = 0;
			defaultConfigurationName = Release;
		};
		2DACE104206C04DE003354AF /* Build configuration list for PBXNativeTarget "GoEvent" */ = {
			isa = XCConfigurationList;
			buildConfigurations = (
				2DACE105206C04DE003354AF /* Debug */,
				2DACE106206C04DE003354AF /* Release */,
			);
			defaultConfigurationIsVisible = 0;
			defaultConfigurationName = Release;
		};
/* End XCConfigurationList section */
	};
	rootObject = 2DACE0EA206C04DE003354AF /* Project object */;
}
